
Microsoft Visual Studio Solution File, Format Version 12.00
# Visual Studio 2012
Project("{FAE04EC0-301F-11D3-BF4B-00C04F79EFBC}") = "LazyLoad", "LazyLoad\LazyLoad.csproj", "{4009DF04-CDC6-4810-8E3E-22A611582374}"
EndProject
Global
	GlobalSection(SolutionConfigurationPlatforms) = preSolution
		Debug|Any CPU = Debug|Any CPU
		Release|Any CPU = Release|Any CPU
	EndGlobalSection
	GlobalSection(ProjectConfigurationPlatforms) = postSolution
		{4009DF04-CDC6-4810-8E3E-22A611582374}.Debug|Any CPU.ActiveCfg = Debug|Any CPU
		{4009DF04-CDC6-4810-8E3E-22A611582374}.Debug|Any CPU.Build.0 = Debug|Any CPU
		{4009DF04-CDC6-4810-8E3E-22A611582374}.Release|Any CPU.ActiveCfg = Release|Any CPU
		{4009DF04-CDC6-4810-8E3E-22A611582374}.Release|Any CPU.Build.0 = Release|Any CPU
	EndGlobalSection
	GlobalSection(SolutionProperties) = preSolution
		HideSolutionNode = FALSE
	EndGlobalSection
EndGlobal
