
Microsoft Visual Studio Solution File, Format Version 11.00
# Visual Studio 2010
Project("{E24C65DC-7377-472B-9ABA-BC803B73C61A}") = "szyjkj", ".", "{F1D233D0-5769-4C86-8E04-B298C6D16B92}"
	ProjectSection(WebsiteProperties) = preProject
		TargetFrameworkMoniker = ".NETFramework,Version%3Dv4.0"
		Debug.AspNetCompiler.VirtualPath = "/szyjkj"
		Debug.AspNetCompiler.PhysicalPath = "..\szyjkj\"
		Debug.AspNetCompiler.TargetPath = "PrecompiledWeb\szyjkj\"
		Debug.AspNetCompiler.Updateable = "true"
		Debug.AspNetCompiler.ForceOverwrite = "true"
		Debug.AspNetCompiler.FixedNames = "false"
		Debug.AspNetCompiler.Debug = "True"
		Release.AspNetCompiler.VirtualPath = "/szyjkj"
		Release.AspNetCompiler.PhysicalPath = "..\szyjkj\"
		Release.AspNetCompiler.TargetPath = "PrecompiledWeb\szyjkj\"
		Release.AspNetCompiler.Updateable = "true"
		Release.AspNetCompiler.ForceOverwrite = "true"
		Release.AspNetCompiler.FixedNames = "false"
		Release.AspNetCompiler.Debug = "False"
		VWDPort = "7808"
	EndProjectSection
EndProject
Global
	GlobalSection(SolutionConfigurationPlatforms) = preSolution
		Debug|Any CPU = Debug|Any CPU
	EndGlobalSection
	GlobalSection(ProjectConfigurationPlatforms) = postSolution
		{F1D233D0-5769-4C86-8E04-B298C6D16B92}.Debug|Any CPU.ActiveCfg = Debug|Any CPU
		{F1D233D0-5769-4C86-8E04-B298C6D16B92}.Debug|Any CPU.Build.0 = Debug|Any CPU
	EndGlobalSection
	GlobalSection(SolutionProperties) = preSolution
		HideSolutionNode = FALSE
	EndGlobalSection
EndGlobal
